
Microsoft Visual Studio Solution File, Format Version 12.00
# Visual Studio 15
VisualStudioVersion = 15.0.28010.2016
MinimumVisualStudioVersion = 10.0.40219.1
Project("{8BC9CEB8-8B4A-11D0-8D11-00A0C91BC942}") = "picaboo", "picaboo\picaboo.vcxproj", "{D7CA86E3-1BC6-42B8-9AF8-C9C0AB099FA4}"
EndProject
Project("{8BC9CEB8-8B4A-11D0-8D11-00A0C91BC942}") = "detour", "detour\detour.vcxproj", "{8B0A21B5-AE09-44B8-A319-0E0F47322FAB}"
EndProject
Global
	GlobalSection(SolutionConfigurationPlatforms) = preSolution
		Debug|x64 = Debug|x64
		Debug|x86 = Debug|x86
		Release|x64 = Release|x64
		Release|x86 = Release|x86
	EndGlobalSection
	GlobalSection(ProjectConfigurationPlatforms) = postSolution
		{D7CA86E3-1BC6-42B8-9AF8-C9C0AB099FA4}.Debug|x64.ActiveCfg = Debug|x64
		{D7CA86E3-1BC6-42B8-9AF8-C9C0AB099FA4}.Debug|x64.Build.0 = Debug|x64
		{D7CA86E3-1BC6-42B8-9AF8-C9C0AB099FA4}.Debug|x86.ActiveCfg = Debug|Win32
		{D7CA86E3-1BC6-42B8-9AF8-C9C0AB099FA4}.Debug|x86.Build.0 = Debug|Win32
		{D7CA86E3-1BC6-42B8-9AF8-C9C0AB099FA4}.Release|x64.ActiveCfg = Release|x64
		{D7CA86E3-1BC6-42B8-9AF8-C9C0AB099FA4}.Release|x64.Build.0 = Release|x64
		{D7CA86E3-1BC6-42B8-9AF8-C9C0AB099FA4}.Release|x86.ActiveCfg = Release|Win32
		{D7CA86E3-1BC6-42B8-9AF8-C9C0AB099FA4}.Release|x86.Build.0 = Release|Win32
		{8B0A21B5-AE09-44B8-A319-0E0F47322FAB}.Debug|x64.ActiveCfg = Debug|x64
		{8B0A21B5-AE09-44B8-A319-0E0F47322FAB}.Debug|x64.Build.0 = Debug|x64
		{8B0A21B5-AE09-44B8-A319-0E0F47322FAB}.Debug|x86.ActiveCfg = Debug|Win32
		{8B0A21B5-AE09-44B8-A319-0E0F47322FAB}.Debug|x86.Build.0 = Debug|Win32
		{8B0A21B5-AE09-44B8-A319-0E0F47322FAB}.Release|x64.ActiveCfg = Release|x64
		{8B0A21B5-AE09-44B8-A319-0E0F47322FAB}.Release|x64.Build.0 = Release|x64
		{8B0A21B5-AE09-44B8-A319-0E0F47322FAB}.Release|x86.ActiveCfg = Release|Win32
		{8B0A21B5-AE09-44B8-A319-0E0F47322FAB}.Release|x86.Build.0 = Release|Win32
	EndGlobalSection
	GlobalSection(SolutionProperties) = preSolution
		HideSolutionNode = FALSE
	EndGlobalSection
	GlobalSection(ExtensibilityGlobals) = postSolution
		SolutionGuid = {235A2057-919B-4274-9062-D9796A84454E}
	EndGlobalSection
EndGlobal
